{
  "version": "4",
  "specifiers": {
    "jsr:@std/http@*": "1.0.16",
    "jsr:@std/path@*": "1.0.1"
  },
  "jsr": {
    "@std/http@1.0.16": {
      "integrity": "80c8d08c4bfcf615b89978dcefb84f7e880087cf3b6b901703936f3592a06933"
    },
    "@std/path@1.0.1": {
      "integrity": "e061ff02c28481ca49e3a14981875c345e9fc7e973190672782cd0ac8af70428"
    }
  },
  "remote": {
    "https://deno.land/std@0.224.0/assert/assert.ts": "09d30564c09de846855b7b071e62b5974b001bb72a4b797958fe0660e7849834",
    "https://deno.land/std@0.224.0/assert/assertion_error.ts": "ba8752bd27ebc51f723702fac2f54d3e94447598f54264a6653d6413738a8917",
    "https://deno.land/std@0.224.0/http/cookie.ts": "a377fa60175ba5f61dd4b8a70b34f2bbfbc70782dfd5faf36d314c42e4306006"
  },
  "workspace": {
    "dependencies": [
      "jsr:@std/http@*",
      "jsr:@std/path@*"
    ]
  }
}
